{
    "_readme": [
        "This file locks the dependencies of your project to a known state",
        "Read more about it at https://getcomposer.org/doc/01-basic-usage.md#composer-lock-the-lock-file",
        "This file is @generated automatically"
    ],
    "content-hash": "bc615cb2dada88ae1d45ac939de5a231",
    "packages": [
        {
            "name": "aura/intl",
            "version": "3.0.0",
            "source": {
                "type": "git",
                "url": "https://github.com/auraphp/Aura.Intl.git",
                "reference": "7fce228980b19bf4dee2d7bbd6202a69b0dde926"
            },
            "dist": {
                "type": "zip",
                "url": "https://api.github.com/repos/auraphp/Aura.Intl/zipball/7fce228980b19bf4dee2d7bbd6202a69b0dde926",
                "reference": "7fce228980b19bf4dee2d7bbd6202a69b0dde926",
                "shasum": ""
            },
            "require": {
                "php": "^5.6|^7.0"
            },
            "type": "library",
            "autoload": {
                "psr-4": {
                    "Aura\\Intl\\": "src/"
                }
            },
            "notification-url": "https://packagist.org/downloads/",
            "license": [
                "MIT"
            ],
            "authors": [
                {
                    "name": "Aura.Intl Contributors",
                    "homepage": "https://github.com/auraphp/Aura.Intl/contributors"
                }
            ],
            "description": "The Aura Intl package provides internationalization tools, specifically message translation.",
            "homepage": "https://github.com/auraphp/Aura.Intl",
            "keywords": [
                "g11n",
                "globalization",
                "i18n",
                "internationalization",
                "intl",
                "l10n",
                "localization"
            ],
            "time": "2017-01-20T05:00:11+00:00"
        },
        {
            "name": "cakephp/cakephp",
            "version": "3.5.12",
            "source": {
                "type": "git",
                "url": "https://github.com/cakephp/cakephp.git",
                "reference": "a6c47f15e2dfbb062fcc547d6eecd0a944dc8b17"
            },
            "dist": {
                "type": "zip",
                "url": "https://api.github.com/repos/cakephp/cakephp/zipball/a6c47f15e2dfbb062fcc547d6eecd0a944dc8b17",
                "reference": "a6c47f15e2dfbb062fcc547d6eecd0a944dc8b17",
                "shasum": ""
            },
            "require": {
                "aura/intl": "^3.0.0",
                "cakephp/chronos": "^1.0.0",
                "ext-intl": "*",
                "ext-mbstring": "*",
                "php": ">=5.6.0",
                "psr/log": "^1.0.0",
                "zendframework/zend-diactoros": "^1.4.0"
            },
            "conflict": {
                "phpunit/phpunit": "<5.7"
            },
            "replace": {
                "cakephp/cache": "self.version",
                "cakephp/collection": "self.version",
                "cakephp/core": "self.version",
                "cakephp/database": "self.version",
                "cakephp/datasource": "self.version",
                "cakephp/event": "self.version",
                "cakephp/filesystem": "self.version",
                "cakephp/form": "self.version",
                "cakephp/i18n": "self.version",
                "cakephp/log": "self.version",
                "cakephp/orm": "self.version",
                "cakephp/utility": "self.version",
                "cakephp/validation": "self.version"
            },
            "require-dev": {
                "cakephp/cakephp-codesniffer": "^3.0",
                "phpunit/phpunit": "^5.7.14|^6.0"
            },
            "suggest": {
                "ext-openssl": "To use Security::encrypt() or have secure CSRF token generation.",
                "lib-ICU": "The intl PHP library, to use Text::transliterate() or Text::slug()"
            },
            "type": "library",
            "autoload": {
                "psr-4": {
                    "Cake\\": "src/"
                },
                "files": [
                    "src/Core/functions.php",
                    "src/Collection/functions.php",
                    "src/I18n/functions.php",
                    "src/Utility/bootstrap.php"
                ]
            },
            "notification-url": "https://packagist.org/downloads/",
            "license": [
                "MIT"
            ],
            "authors": [
                {
                    "name": "CakePHP Community",
                    "homepage": "https://github.com/cakephp/cakephp/graphs/contributors"
                }
            ],
            "description": "The CakePHP framework",
            "homepage": "https://cakephp.org",
            "keywords": [
                "conventions over configuration",
                "dry",
                "form",
                "framework",
                "mvc",
                "orm",
                "psr-7",
                "rapid-development",
                "validation"
            ],
            "time": "2018-02-11T02:39:23+00:00"
        },
        {
            "name": "cakephp/chronos",
            "version": "1.1.4",
            "source": {
                "type": "git",
                "url": "https://github.com/cakephp/chronos.git",
                "reference": "85bcaea6a832684b32ef54b2487b0c14a172e9e6"
            },
            "dist": {
                "type": "zip",
                "url": "https://api.github.com/repos/cakephp/chronos/zipball/85bcaea6a832684b32ef54b2487b0c14a172e9e6",
                "reference": "85bcaea6a832684b32ef54b2487b0c14a172e9e6",
                "shasum": ""
            },
            "require": {
                "php": "^5.5.9|^7"
            },
            "require-dev": {
                "athletic/athletic": "~0.1",
                "cakephp/cakephp-codesniffer": "~2.3",
                "phpbench/phpbench": "@dev",
                "phpstan/phpstan": "^0.6.4",
                "phpunit/phpunit": "<6.0"
            },
            "type": "library",
            "autoload": {
                "psr-4": {
                    "Cake\\Chronos\\": "src"
                },
                "files": [
                    "src/carbon_compat.php"
                ]
            },
            "notification-url": "https://packagist.org/downloads/",
            "license": [
                "MIT"
            ],
            "authors": [
                {
                    "name": "Brian Nesbitt",
                    "email": "brian@nesbot.com",
                    "homepage": "http://nesbot.com"
                },
                {
                    "name": "The CakePHP Team",
                    "homepage": "http://cakephp.org"
                }
            ],
            "description": "A simple API extension for DateTime.",
            "homepage": "http://cakephp.org",
            "keywords": [
                "date",
                "datetime",
                "time"
            ],
            "time": "2018-01-13T12:19:50+00:00"
        },
        {
            "name": "firebase/php-jwt",
            "version": "v4.0.0",
            "source": {
                "type": "git",
                "url": "https://github.com/firebase/php-jwt.git",
                "reference": "dccf163dc8ed7ed6a00afc06c51ee5186a428d35"
            },
            "dist": {
                "type": "zip",
                "url": "https://api.github.com/repos/firebase/php-jwt/zipball/dccf163dc8ed7ed6a00afc06c51ee5186a428d35",
                "reference": "dccf163dc8ed7ed6a00afc06c51ee5186a428d35",
                "shasum": ""
            },
            "require": {
                "php": ">=5.3.0"
            },
            "type": "library",
            "autoload": {
                "psr-4": {
                    "Firebase\\JWT\\": "src"
                }
            },
            "notification-url": "https://packagist.org/downloads/",
            "license": [
                "BSD-3-Clause"
            ],
            "authors": [
                {
                    "name": "Neuman Vong",
                    "email": "neuman+pear@twilio.com",
                    "role": "Developer"
                },
                {
                    "name": "Anant Narayanan",
                    "email": "anant@php.net",
                    "role": "Developer"
                }
            ],
            "description": "A simple library to encode and decode JSON Web Tokens (JWT) in PHP. Should conform to the current spec.",
            "homepage": "https://github.com/firebase/php-jwt",
            "time": "2016-07-18T04:51:16+00:00"
        },
        {
            "name": "guzzlehttp/psr7",
            "version": "1.4.2",
            "source": {
                "type": "git",
                "url": "https://github.com/guzzle/psr7.git",
                "reference": "f5b8a8512e2b58b0071a7280e39f14f72e05d87c"
            },
            "dist": {
                "type": "zip",
                "url": "https://api.github.com/repos/guzzle/psr7/zipball/f5b8a8512e2b58b0071a7280e39f14f72e05d87c",
                "reference": "f5b8a8512e2b58b0071a7280e39f14f72e05d87c",
                "shasum": ""
            },
            "require": {
                "php": ">=5.4.0",
                "psr/http-message": "~1.0"
            },
            "provide": {
                "psr/http-message-implementation": "1.0"
            },
            "require-dev": {
                "phpunit/phpunit": "~4.0"
            },
            "type": "library",
            "extra": {
                "branch-alias": {
                    "dev-master": "1.4-dev"
                }
            },
            "autoload": {
                "psr-4": {
                    "GuzzleHttp\\Psr7\\": "src/"
                },
                "files": [
                    "src/functions_include.php"
                ]
            },
            "notification-url": "https://packagist.org/downloads/",
            "license": [
                "MIT"
            ],
            "authors": [
                {
                    "name": "Michael Dowling",
                    "email": "mtdowling@gmail.com",
                    "homepage": "https://github.com/mtdowling"
                },
                {
                    "name": "Tobias Schultze",
                    "homepage": "https://github.com/Tobion"
                }
            ],
            "description": "PSR-7 message implementation that also provides common utility methods",
            "keywords": [
                "http",
                "message",
                "request",
                "response",
                "stream",
                "uri",
                "url"
            ],
            "time": "2017-03-20T17:10:46+00:00"
        },
        {
            "name": "intervention/image",
            "version": "2.4.1",
            "source": {
                "type": "git",
                "url": "https://github.com/Intervention/image.git",
                "reference": "3603dbcc9a17d307533473246a6c58c31cf17919"
            },
            "dist": {
                "type": "zip",
                "url": "https://api.github.com/repos/Intervention/image/zipball/3603dbcc9a17d307533473246a6c58c31cf17919",
                "reference": "3603dbcc9a17d307533473246a6c58c31cf17919",
                "shasum": ""
            },
            "require": {
                "ext-fileinfo": "*",
                "guzzlehttp/psr7": "~1.1",
                "php": ">=5.4.0"
            },
            "require-dev": {
                "mockery/mockery": "~0.9.2",
                "phpunit/phpunit": "^4.8 || ^5.7"
            },
            "suggest": {
                "ext-gd": "to use GD library based image processing.",
                "ext-imagick": "to use Imagick based image processing.",
                "intervention/imagecache": "Caching extension for the Intervention Image library"
            },
            "type": "library",
            "extra": {
                "branch-alias": {
                    "dev-master": "2.3-dev"
                },
                "laravel": {
                    "providers": [
                        "Intervention\\Image\\ImageServiceProvider"
                    ],
                    "aliases": {
                        "Image": "Intervention\\Image\\Facades\\Image"
                    }
                }
            },
            "autoload": {
                "psr-4": {
                    "Intervention\\Image\\": "src/Intervention/Image"
                }
            },
            "notification-url": "https://packagist.org/downloads/",
            "license": [
                "MIT"
            ],
            "authors": [
                {
                    "name": "Oliver Vogel",
                    "email": "oliver@olivervogel.com",
                    "homepage": "http://olivervogel.com/"
                }
            ],
            "description": "Image handling and manipulation library with support for Laravel integration",
            "homepage": "http://image.intervention.io/",
            "keywords": [
                "gd",
                "image",
                "imagick",
                "laravel",
                "thumbnail",
                "watermark"
            ],
            "time": "2017-09-21T16:29:17+00:00"
        },
        {
            "name": "multidots/cakephp-rest-api",
            "version": "v1.1.1",
            "source": {
                "type": "git",
                "url": "https://github.com/multidots/cakephp-rest-api.git",
                "reference": "ffb4f00dc400681f0c9fb3a8f700f9ddf05386a0"
            },
            "dist": {
                "type": "zip",
                "url": "https://api.github.com/repos/multidots/cakephp-rest-api/zipball/ffb4f00dc400681f0c9fb3a8f700f9ddf05386a0",
                "reference": "ffb4f00dc400681f0c9fb3a8f700f9ddf05386a0",
                "shasum": ""
            },
            "require": {
                "cakephp/cakephp": "^3.4.0",
                "firebase/php-jwt": "^4.0",
                "php": ">=5.6.0"
            },
            "require-dev": {
                "cakephp/cakephp-codesniffer": "^3.0",
                "phpunit/phpunit": "^5.7|^6.0"
            },
            "type": "cakephp-plugin",
            "autoload": {
                "psr-4": {
                    "RestApi\\": "src"
                }
            },
            "notification-url": "https://packagist.org/downloads/",
            "license": [
                "MIT"
            ],
            "authors": [
                {
                    "name": "Multidots",
                    "homepage": "http://www.multidots.com",
                    "role": "Author"
                },
                {
                    "name": "Community",
                    "homepage": "https://github.com/multidots/cakephp-rest-api/graphs/contributors"
                }
            ],
            "description": "CakePHP 3 plugin to provide basic support for building REST API services",
            "homepage": "https://github.com/cakephp/debug_kit",
            "keywords": [
                "api",
                "cakephp",
                "rest"
            ],
            "time": "2017-11-25T07:29:55+00:00"
        },
        {
            "name": "psr/http-message",
            "version": "1.0.1",
            "source": {
                "type": "git",
                "url": "https://github.com/php-fig/http-message.git",
                "reference": "f6561bf28d520154e4b0ec72be95418abe6d9363"
            },
            "dist": {
                "type": "zip",
                "url": "https://api.github.com/repos/php-fig/http-message/zipball/f6561bf28d520154e4b0ec72be95418abe6d9363",
                "reference": "f6561bf28d520154e4b0ec72be95418abe6d9363",
                "shasum": ""
            },
            "require": {
                "php": ">=5.3.0"
            },
            "type": "library",
            "extra": {
                "branch-alias": {
                    "dev-master": "1.0.x-dev"
                }
            },
            "autoload": {
                "psr-4": {
                    "Psr\\Http\\Message\\": "src/"
                }
            },
            "notification-url": "https://packagist.org/downloads/",
            "license": [
                "MIT"
            ],
            "authors": [
                {
                    "name": "PHP-FIG",
                    "homepage": "http://www.php-fig.org/"
                }
            ],
            "description": "Common interface for HTTP messages",
            "homepage": "https://github.com/php-fig/http-message",
            "keywords": [
                "http",
                "http-message",
                "psr",
                "psr-7",
                "request",
                "response"
            ],
            "time": "2016-08-06T14:39:51+00:00"
        },
        {
            "name": "psr/log",
            "version": "1.0.2",
            "source": {
                "type": "git",
                "url": "https://github.com/php-fig/log.git",
                "reference": "4ebe3a8bf773a19edfe0a84b6585ba3d401b724d"
            },
            "dist": {
                "type": "zip",
                "url": "https://api.github.com/repos/php-fig/log/zipball/4ebe3a8bf773a19edfe0a84b6585ba3d401b724d",
                "reference": "4ebe3a8bf773a19edfe0a84b6585ba3d401b724d",
                "shasum": ""
            },
            "require": {
                "php": ">=5.3.0"
            },
            "type": "library",
            "extra": {
                "branch-alias": {
                    "dev-master": "1.0.x-dev"
                }
            },
            "autoload": {
                "psr-4": {
                    "Psr\\Log\\": "Psr/Log/"
                }
            },
            "notification-url": "https://packagist.org/downloads/",
            "license": [
                "MIT"
            ],
            "authors": [
                {
                    "name": "PHP-FIG",
                    "homepage": "http://www.php-fig.org/"
                }
            ],
            "description": "Common interface for logging libraries",
            "homepage": "https://github.com/php-fig/log",
            "keywords": [
                "log",
                "psr",
                "psr-3"
            ],
            "time": "2016-10-10T12:19:37+00:00"
        },
        {
            "name": "stripe/stripe-php",
            "version": "v6.4.2",
            "source": {
                "type": "git",
                "url": "https://github.com/stripe/stripe-php.git",
                "reference": "d38739b67bfe601e5ef3193567b0016f8989be65"
            },
            "dist": {
                "type": "zip",
                "url": "https://api.github.com/repos/stripe/stripe-php/zipball/d38739b67bfe601e5ef3193567b0016f8989be65",
                "reference": "d38739b67bfe601e5ef3193567b0016f8989be65",
                "shasum": ""
            },
            "require": {
                "ext-curl": "*",
                "ext-json": "*",
                "ext-mbstring": "*",
                "php": ">=5.4.0"
            },
            "require-dev": {
                "phpunit/phpunit": "~4.0",
                "satooshi/php-coveralls": "~0.6.1",
                "squizlabs/php_codesniffer": "~2.0"
            },
            "type": "library",
            "extra": {
                "branch-alias": {
                    "dev-master": "2.0-dev"
                }
            },
            "autoload": {
                "psr-4": {
                    "Stripe\\": "lib/"
                }
            },
            "notification-url": "https://packagist.org/downloads/",
            "license": [
                "MIT"
            ],
            "authors": [
                {
                    "name": "Stripe and contributors",
                    "homepage": "https://github.com/stripe/stripe-php/contributors"
                }
            ],
            "description": "Stripe PHP Library",
            "homepage": "https://stripe.com/",
            "keywords": [
                "api",
                "payment processing",
                "stripe"
            ],
            "time": "2018-03-17T21:35:08+00:00"
        },
        {
            "name": "zendframework/zend-diactoros",
            "version": "1.7.0",
            "source": {
                "type": "git",
                "url": "https://github.com/zendframework/zend-diactoros.git",
                "reference": "ed6ce7e2105c400ca10277643a8327957c0384b7"
            },
            "dist": {
                "type": "zip",
                "url": "https://api.github.com/repos/zendframework/zend-diactoros/zipball/ed6ce7e2105c400ca10277643a8327957c0384b7",
                "reference": "ed6ce7e2105c400ca10277643a8327957c0384b7",
                "shasum": ""
            },
            "require": {
                "php": "^5.6 || ^7.0",
                "psr/http-message": "^1.0"
            },
            "provide": {
                "psr/http-message-implementation": "1.0"
            },
            "require-dev": {
                "ext-dom": "*",
                "ext-libxml": "*",
                "phpunit/phpunit": "^5.7.16 || ^6.0.8",
                "zendframework/zend-coding-standard": "~1.0"
            },
            "type": "library",
            "extra": {
                "branch-alias": {
                    "dev-master": "1.7.x-dev",
                    "dev-develop": "1.8.x-dev"
                }
            },
            "autoload": {
                "psr-4": {
                    "Zend\\Diactoros\\": "src/"
                }
            },
            "notification-url": "https://packagist.org/downloads/",
            "license": [
                "BSD-2-Clause"
            ],
            "description": "PSR HTTP Message implementations",
            "homepage": "https://github.com/zendframework/zend-diactoros",
            "keywords": [
                "http",
                "psr",
                "psr-7"
            ],
            "time": "2018-01-04T18:21:48+00:00"
        }
    ],
    "packages-dev": [],
    "aliases": [],
    "minimum-stability": "stable",
    "stability-flags": [],
    "prefer-stable": false,
    "prefer-lowest": false,
    "platform": [],
    "platform-dev": []
}
